return {
   dependencies = {
      ["alt-getopt"] = "0.8.0-1",
      ansicolors = "1.0.2-3",
      argparse = "0.7.1-1",
      basexx = "0.4.1-1",
      bcrypt = "2.2-1",
      binaryheap = "0.4-1",
      bit32 = "5.3.5.1-1",
      busted = "2.0.0-1",
      cloud_storage = "1.1.0-1",
      cmark = "0.29.0-1",
      compat53 = "0.8-1",
      cosmo = "16.06.04-1",
      cqueues = "20200726.51-0",
      date = "2.2-2",
      dkjson = "2.6-1",
      etlua = "1.3.0-1",
      fifo = "0.2-0",
      giflib = "1.0.0-1",
      http = "0.4-0",
      inifile = "1.0-2",
      lapis = "1.9.0-1",
      ["lapis-annotate"] = "1.2.1-1",
      ["lapis-bayes"] = "1.2.0-1",
      ["lapis-community"] = "1.41.0-1",
      ["lapis-console"] = "1.2.0-1",
      ["lapis-exceptions"] = "2.2.0-1",
      ["lapis-redis"] = "1.0.0-1",
      ["lapis-systemd"] = "1.0.0-1",
      loadkit = "1.1.0-1",
      lpeg = "1.0.2-1",
      lpeg_patterns = "0.5-0",
      lrandom = "20180729-1",
      lua = "5.1-1",
      ["lua-cjson"] = "2.1.0.6-1",
      ["lua-discount"] = "1.2.10.1-1",
      ["lua-term"] = "0.7-1",
      ["lua-twitter"] = "1.0.0-1",
      lua_cliargs = "3.0-2",
      luabitop = "1.0.2-3",
      luaexpat = "1.3.3-1",
      luafilesystem = "1.8.0-1",
      ["luajit-geoip"] = "2.1.0-1",
      luaossl = "20200709-0",
      luasec = "1.0.2-1",
      luasocket = "3.0rc1-2",
      luassert = "1.8.0-0",
      luasystem = "0.2.1-0",
      magick = "1.6.0-1",
      mailgun = "1.2.0-1",
      mediator_lua = "1.1.2-0",
      mimetypes = "1.0.0-2",
      moonscript = "0.5.0-1",
      payments = "1.1.0-1",
      penlight = "1.12.0-2",
      pgmoon = "1.14.0-1",
      ["redis-lua"] = "2.0.4-1",
      say = "1.3-1",
      sitegen = "0.1-1",
      syntaxhighlight = "1.0.0-1",
      tableshape = "2.2.0-1",
      web_sanitize = "1.1.0-1"
   },
}
